// !$*UTF8*$!
{
	archiveVersion = 1;
	classes = {
	};
	objectVersion = 50;
	objects = {

/* Begin PBXBuildFile section */
		629F4F2022004F7500C542F7 /* AppDelegate.swift in Sources */ = {isa = PBXBuildFile; fileRef = 629F4F1F22004F7500C542F7 /* AppDelegate.swift */; };
		629F4F2222004F7500C542F7 /* ViewController.swift in Sources */ = {isa = PBXBuildFile; fileRef = 629F4F2122004F7500C542F7 /* ViewController.swift */; };
		629F4F2522004F7500C542F7 /* Main.storyboard in Resources */ = {isa = PBXBuildFile; fileRef = 629F4F2322004F7500C542F7 /* Main.storyboard */; };
		629F4F2822004F7500C542F7 /* Workflow.xcdatamodeld in Sources */ = {isa = PBXBuildFile; fileRef = 629F4F2622004F7500C542F7 /* Workflow.xcdatamodeld */; };
		629F4F2A22004F8000C542F7 /* Assets.xcassets in Resources */ = {isa = PBXBuildFile; fileRef = 629F4F2922004F8000C542F7 /* Assets.xcassets */; };
		629F4F2D22004F8000C542F7 /* LaunchScreen.storyboard in Resources */ = {isa = PBXBuildFile; fileRef = 629F4F2B22004F8000C542F7 /* LaunchScreen.storyboard */; };
		629F4F3822004F8000C542F7 /* WorkflowTests.swift in Sources */ = {isa = PBXBuildFile; fileRef = 629F4F3722004F8000C542F7 /* WorkflowTests.swift */; };
		629F4F4322004F8000C542F7 /* WorkflowUITests.swift in Sources */ = {isa = PBXBuildFile; fileRef = 629F4F4222004F8000C542F7 /* WorkflowUITests.swift */; };
/* End PBXBuildFile section */

/* Begin PBXContainerItemProxy section */
		629F4F3422004F8000C542F7 /* PBXContainerItemProxy */ = {
			isa = PBXContainerItemProxy;
			containerPortal = 629F4F1422004F7500C542F7 /* Project object */;
			proxyType = 1;
			remoteGlobalIDString = 629F4F1B22004F7500C542F7;
			remoteInfo = Workflow;
		};
		629F4F3F22004F8000C542F7 /* PBXContainerItemProxy */ = {
			isa = PBXContainerItemProxy;
			containerPortal = 629F4F1422004F7500C542F7 /* Project object */;
			proxyType = 1;
			remoteGlobalIDString = 629F4F1B22004F7500C542F7;
			remoteInfo = Workflow;
		};
/* End PBXContainerItemProxy section */

/* Begin PBXFileReference section */
		629F4F1C22004F7500C542F7 /* Workflow.app */ = {isa = PBXFileReference; explicitFileType = wrapper.application; includeInIndex = 0; path = Workflow.app; sourceTree = BUILT_PRODUCTS_DIR; };
		629F4F1F22004F7500C542F7 /* AppDelegate.swift */ = {isa = PBXFileReference; lastKnownFileType = sourcecode.swift; path = AppDelegate.swift; sourceTree = "<group>"; };
		629F4F2122004F7500C542F7 /* ViewController.swift */ = {isa = PBXFileReference; lastKnownFileType = sourcecode.swift; path = ViewController.swift; sourceTree = "<group>"; };
		629F4F2422004F7500C542F7 /* Base */ = {isa = PBXFileReference; lastKnownFileType = file.storyboard; name = Base; path = Base.lproj/Main.storyboard; sourceTree = "<group>"; };
		629F4F2722004F7500C542F7 /* Workflow.xcdatamodel */ = {isa = PBXFileReference; lastKnownFileType = wrapper.xcdatamodel; path = Workflow.xcdatamodel; sourceTree = "<group>"; };
		629F4F2922004F8000C542F7 /* Assets.xcassets */ = {isa = PBXFileReference; lastKnownFileType = folder.assetcatalog; path = Assets.xcassets; sourceTree = "<group>"; };
		629F4F2C22004F8000C542F7 /* Base */ = {isa = PBXFileReference; lastKnownFileType = file.storyboard; name = Base; path = Base.lproj/LaunchScreen.storyboard; sourceTree = "<group>"; };
		629F4F2E22004F8000C542F7 /* Info.plist */ = {isa = PBXFileReference; lastKnownFileType = text.plist.xml; path = Info.plist; sourceTree = "<group>"; };
		629F4F3322004F8000C542F7 /* WorkflowTests.xctest */ = {isa = PBXFileReference; explicitFileType = wrapper.cfbundle; includeInIndex = 0; path = WorkflowTests.xctest; sourceTree = BUILT_PRODUCTS_DIR; };
		629F4F3722004F8000C542F7 /* WorkflowTests.swift */ = {isa = PBXFileReference; lastKnownFileType = sourcecode.swift; path = WorkflowTests.swift; sourceTree = "<group>"; };
		629F4F3922004F8000C542F7 /* Info.plist */ = {isa = PBXFileReference; lastKnownFileType = text.plist.xml; path = Info.plist; sourceTree = "<group>"; };
		629F4F3E22004F8000C542F7 /* WorkflowUITests.xctest */ = {isa = PBXFileReference; explicitFileType = wrapper.cfbundle; includeInIndex = 0; path = WorkflowUITests.xctest; sourceTree = BUILT_PRODUCTS_DIR; };
		629F4F4222004F8000C542F7 /* WorkflowUITests.swift */ = {isa = PBXFileReference; lastKnownFileType = sourcecode.swift; path = WorkflowUITests.swift; sourceTree = "<group>"; };
		629F4F4422004F8000C542F7 /* Info.plist */ = {isa = PBXFileReference; lastKnownFileType = text.plist.xml; path = Info.plist; sourceTree = "<group>"; };
/* End PBXFileReference section */

/* Begin PBXFrameworksBuildPhase section */
		629F4F1922004F7500C542F7 /* Frameworks */ = {
			isa = PBXFrameworksBuildPhase;
			buildActionMask = 2147483647;
			files = (
			);
			runOnlyForDeploymentPostprocessing = 0;
		};
		629F4F3022004F8000C542F7 /* Frameworks */ = {
			isa = PBXFrameworksBuildPhase;
			buildActionMask = 2147483647;
			files = (
			);
			runOnlyForDeploymentPostprocessing = 0;
		};
		629F4F3B22004F8000C542F7 /* Frameworks */ = {
			isa = PBXFrameworksBuildPhase;
			buildActionMask = 2147483647;
			files = (
			);
			runOnlyForDeploymentPostprocessing = 0;
		};
/* End PBXFrameworksBuildPhase section */

/* Begin PBXGroup section */
		629F4F1322004F7500C542F7 = {
			isa = PBXGroup;
			children = (
				629F4F1E22004F7500C542F7 /* Workflow */,
				629F4F3622004F8000C542F7 /* WorkflowTests */,
				629F4F4122004F8000C542F7 /* WorkflowUITests */,
				629F4F1D22004F7500C542F7 /* Products */,
			);
			sourceTree = "<group>";
		};
		629F4F1D22004F7500C542F7 /* Products */ = {
			isa = PBXGroup;
			children = (
				629F4F1C22004F7500C542F7 /* Workflow.app */,
				629F4F3322004F8000C542F7 /* WorkflowTests.xctest */,
				629F4F3E22004F8000C542F7 /* WorkflowUITests.xctest */,
			);
			name = Products;
			sourceTree = "<group>";
		};
		629F4F1E22004F7500C542F7 /* Workflow */ = {
			isa = PBXGroup;
			children = (
				629F4F1F22004F7500C542F7 /* AppDelegate.swift */,
				629F4F2122004F7500C542F7 /* ViewController.swift */,
				629F4F2322004F7500C542F7 /* Main.storyboard */,
				629F4F2922004F8000C542F7 /* Assets.xcassets */,
				629F4F2B22004F8000C542F7 /* LaunchScreen.storyboard */,
				629F4F2E22004F8000C542F7 /* Info.plist */,
				629F4F2622004F7500C542F7 /* Workflow.xcdatamodeld */,
			);
			path = Workflow;
			sourceTree = "<group>";
		};
		629F4F3622004F8000C542F7 /* WorkflowTests */ = {
			isa = PBXGroup;
			children = (
				629F4F3722004F8000C542F7 /* WorkflowTests.swift */,
				629F4F3922004F8000C542F7 /* Info.plist */,
			);
			path = WorkflowTests;
			sourceTree = "<group>";
		};
		629F4F4122004F8000C542F7 /* WorkflowUITests */ = {
			isa = PBXGroup;
			children = (
				629F4F4222004F8000C542F7 /* WorkflowUITests.swift */,
				629F4F4422004F8000C542F7 /* Info.plist */,
			);
			path = WorkflowUITests;
			sourceTree = "<group>";
		};
/* End PBXGroup section */

/* Begin PBXNativeTarget section */
		629F4F1B22004F7500C542F7 /* Workflow */ = {
			isa = PBXNativeTarget;
			buildConfigurationList = 629F4F4722004F8000C542F7 /* Build configuration list for PBXNativeTarget "Workflow" */;
			buildPhases = (
				629F4F1822004F7500C542F7 /* Sources */,
				629F4F1922004F7500C542F7 /* Frameworks */,
				629F4F1A22004F7500C542F7 /* Resources */,
			);
			buildRules = (
			);
			dependencies = (
			);
			name = Workflow;
			productName = Workflow;
			productReference = 629F4F1C22004F7500C542F7 /* Workflow.app */;
			productType = "com.apple.product-type.application";
		};
		629F4F3222004F8000C542F7 /* WorkflowTests */ = {
			isa = PBXNativeTarget;
			buildConfigurationList = 629F4F4A22004F8000C542F7 /* Build configuration list for PBXNativeTarget "WorkflowTests" */;
			buildPhases = (
				629F4F2F22004F8000C542F7 /* Sources */,
				629F4F3022004F8000C542F7 /* Frameworks */,
				629F4F3122004F8000C542F7 /* Resources */,
			);
			buildRules = (
			);
			dependencies = (
				629F4F3522004F8000C542F7 /* PBXTargetDependency */,
			);
			name = WorkflowTests;
			productName = WorkflowTests;
			productReference = 629F4F3322004F8000C542F7 /* WorkflowTests.xctest */;
			productType = "com.apple.product-type.bundle.unit-test";
		};
		629F4F3D22004F8000C542F7 /* WorkflowUITests */ = {
			isa = PBXNativeTarget;
			buildConfigurationList = 629F4F4D22004F8000C542F7 /* Build configuration list for PBXNativeTarget "WorkflowUITests" */;
			buildPhases = (
				629F4F3A22004F8000C542F7 /* Sources */,
				629F4F3B22004F8000C542F7 /* Frameworks */,
				629F4F3C22004F8000C542F7 /* Resources */,
			);
			buildRules = (
			);
			dependencies = (
				629F4F4022004F8000C542F7 /* PBXTargetDependency */,
			);
			name = WorkflowUITests;
			productName = WorkflowUITests;
			productReference = 629F4F3E22004F8000C542F7 /* WorkflowUITests.xctest */;
			productType = "com.apple.product-type.bundle.ui-testing";
		};
/* End PBXNativeTarget section */

/* Begin PBXProject section */
		629F4F1422004F7500C542F7 /* Project object */ = {
			isa = PBXProject;
			attributes = {
				LastSwiftUpdateCheck = 1010;
				LastUpgradeCheck = 1010;
				ORGANIZATIONNAME = "cl-macmini-62";
				TargetAttributes = {
					629F4F1B22004F7500C542F7 = {
						CreatedOnToolsVersion = 10.1;
					};
					629F4F3222004F8000C542F7 = {
						CreatedOnToolsVersion = 10.1;
						TestTargetID = 629F4F1B22004F7500C542F7;
					};
					629F4F3D22004F8000C542F7 = {
						CreatedOnToolsVersion = 10.1;
						TestTargetID = 629F4F1B22004F7500C542F7;
					};
				};
			};
			buildConfigurationList = 629F4F1722004F7500C542F7 /* Build configuration list for PBXProject "Workflow" */;
			compatibilityVersion = "Xcode 9.3";
			developmentRegion = en;
			hasScannedForEncodings = 0;
			knownRegions = (
				en,
				Base,
			);
			mainGroup = 629F4F1322004F7500C542F7;
			productRefGroup = 629F4F1D22004F7500C542F7 /* Products */;
			projectDirPath = "";
			projectRoot = "";
			targets = (
				629F4F1B22004F7500C542F7 /* Workflow */,
				629F4F3222004F8000C542F7 /* WorkflowTests */,
				629F4F3D22004F8000C542F7 /* WorkflowUITests */,
			);
		};
/* End PBXProject section */

/* Begin PBXResourcesBuildPhase section */
		629F4F1A22004F7500C542F7 /* Resources */ = {
			isa = PBXResourcesBuildPhase;
			buildActionMask = 2147483647;
			files = (
				629F4F2D22004F8000C542F7 /* LaunchScreen.storyboard in Resources */,
				629F4F2A22004F8000C542F7 /* Assets.xcassets in Resources */,
				629F4F2522004F7500C542F7 /* Main.storyboard in Resources */,
			);
			runOnlyForDeploymentPostprocessing = 0;
		};
		629F4F3122004F8000C542F7 /* Resources */ = {
			isa = PBXResourcesBuildPhase;
			buildActionMask = 2147483647;
			files = (
			);
			runOnlyForDeploymentPostprocessing = 0;
		};
		629F4F3C22004F8000C542F7 /* Resources */ = {
			isa = PBXResourcesBuildPhase;
			buildActionMask = 2147483647;
			files = (
			);
			runOnlyForDeploymentPostprocessing = 0;
		};
/* End PBXResourcesBuildPhase section */

/* Begin PBXSourcesBuildPhase section */
		629F4F1822004F7500C542F7 /* Sources */ = {
			isa = PBXSourcesBuildPhase;
			buildActionMask = 2147483647;
			files = (
				629F4F2222004F7500C542F7 /* ViewController.swift in Sources */,
				629F4F2822004F7500C542F7 /* Workflow.xcdatamodeld in Sources */,
				629F4F2022004F7500C542F7 /* AppDelegate.swift in Sources */,
			);
			runOnlyForDeploymentPostprocessing = 0;
		};
		629F4F2F22004F8000C542F7 /* Sources */ = {
			isa = PBXSourcesBuildPhase;
			buildActionMask = 2147483647;
			files = (
				629F4F3822004F8000C542F7 /* WorkflowTests.swift in Sources */,
			);
			runOnlyForDeploymentPostprocessing = 0;
		};
		629F4F3A22004F8000C542F7 /* Sources */ = {
			isa = PBXSourcesBuildPhase;
			buildActionMask = 2147483647;
			files = (
				629F4F4322004F8000C542F7 /* WorkflowUITests.swift in Sources */,
			);
			runOnlyForDeploymentPostprocessing = 0;
		};
/* End PBXSourcesBuildPhase section */

/* Begin PBXTargetDependency section */
		629F4F3522004F8000C542F7 /* PBXTargetDependency */ = {
			isa = PBXTargetDependency;
			target = 629F4F1B22004F7500C542F7 /* Workflow */;
			targetProxy = 629F4F3422004F8000C542F7 /* PBXContainerItemProxy */;
		};
		629F4F4022004F8000C542F7 /* PBXTargetDependency */ = {
			isa = PBXTargetDependency;
			target = 629F4F1B22004F7500C542F7 /* Workflow */;
			targetProxy = 629F4F3F22004F8000C542F7 /* PBXContainerItemProxy */;
		};
/* End PBXTargetDependency section */

/* Begin PBXVariantGroup section */
		629F4F2322004F7500C542F7 /* Main.storyboard */ = {
			isa = PBXVariantGroup;
			children = (
				629F4F2422004F7500C542F7 /* Base */,
			);
			name = Main.storyboard;
			sourceTree = "<group>";
		};
		629F4F2B22004F8000C542F7 /* LaunchScreen.storyboard */ = {
			isa = PBXVariantGroup;
			children = (
				629F4F2C22004F8000C542F7 /* Base */,
			);
			name = LaunchScreen.storyboard;
			sourceTree = "<group>";
		};
/* End PBXVariantGroup section */

/* Begin XCBuildConfiguration section */
		629F4F4522004F8000C542F7 /* Debug */ = {
			isa = XCBuildConfiguration;
			buildSettings = {
				ALWAYS_SEARCH_USER_PATHS = NO;
				CLANG_ANALYZER_NONNULL = YES;
				CLANG_ANALYZER_NUMBER_OBJECT_CONVERSION = YES_AGGRESSIVE;
				CLANG_CXX_LANGUAGE_STANDARD = "gnu++14";
				CLANG_CXX_LIBRARY = "libc++";
				CLANG_ENABLE_MODULES = YES;
				CLANG_ENABLE_OBJC_ARC = YES;
				CLANG_ENABLE_OBJC_WEAK = YES;
				CLANG_WARN_BLOCK_CAPTURE_AUTORELEASING = YES;
				CLANG_WARN_BOOL_CONVERSION = YES;
				CLANG_WARN_COMMA = YES;
				CLANG_WARN_CONSTANT_CONVERSION = YES;
				CLANG_WARN_DEPRECATED_OBJC_IMPLEMENTATIONS = YES;
				CLANG_WARN_DIRECT_OBJC_ISA_USAGE = YES_ERROR;
				CLANG_WARN_DOCUMENTATION_COMMENTS = YES;
				CLANG_WARN_EMPTY_BODY = YES;
				CLANG_WARN_ENUM_CONVERSION = YES;
				CLANG_WARN_INFINITE_RECURSION = YES;
				CLANG_WARN_INT_CONVERSION = YES;
				CLANG_WARN_NON_LITERAL_NULL_CONVERSION = YES;
				CLANG_WARN_OBJC_IMPLICIT_RETAIN_SELF = YES;
				CLANG_WARN_OBJC_LITERAL_CONVERSION = YES;
				CLANG_WARN_OBJC_ROOT_CLASS = YES_ERROR;
				CLANG_WARN_RANGE_LOOP_ANALYSIS = YES;
				CLANG_WARN_STRICT_PROTOTYPES = YES;
				CLANG_WARN_SUSPICIOUS_MOVE = YES;
				CLANG_WARN_UNGUARDED_AVAILABILITY = YES_AGGRESSIVE;
				CLANG_WARN_UNREACHABLE_CODE = YES;
				CLANG_WARN__DUPLICATE_METHOD_MATCH = YES;
				CODE_SIGN_IDENTITY = "iPhone Developer";
				COPY_PHASE_STRIP = NO;
				DEBUG_INFORMATION_FORMAT = dwarf;
				ENABLE_STRICT_OBJC_MSGSEND = YES;
				ENABLE_TESTABILITY = YES;
				GCC_C_LANGUAGE_STANDARD = gnu11;
				GCC_DYNAMIC_NO_PIC = NO;
				GCC_NO_COMMON_BLOCKS = YES;
				GCC_OPTIMIZATION_LEVEL = 0;
				GCC_PREPROCESSOR_DEFINITIONS = (
					"DEBUG=1",
					"$(inherited)",
				);
				GCC_WARN_64_TO_32_BIT_CONVERSION = YES;
				GCC_WARN_ABOUT_RETURN_TYPE = YES_ERROR;
				GCC_WARN_UNDECLARED_SELECTOR = YES;
				GCC_WARN_UNINITIALIZED_AUTOS = YES_AGGRESSIVE;
				GCC_WARN_UNUSED_FUNCTION = YES;
				GCC_WARN_UNUSED_VARIABLE = YES;
				IPHONEOS_DEPLOYMENT_TARGET = 12.1;
				MTL_ENABLE_DEBUG_INFO = INCLUDE_SOURCE;
				MTL_FAST_MATH = YES;
				ONLY_ACTIVE_ARCH = YES;
				SDKROOT = iphoneos;
				SWIFT_ACTIVE_COMPILATION_CONDITIONS = DEBUG;
				SWIFT_OPTIMIZATION_LEVEL = "-Onone";
			};
			name = Debug;
		};
		629F4F4622004F8000C542F7 /* Release */ = {
			isa = XCBuildConfiguration;
			buildSettings = {
				ALWAYS_SEARCH_USER_PATHS = NO;
				CLANG_ANALYZER_NONNULL = YES;
				CLANG_ANALYZER_NUMBER_OBJECT_CONVERSION = YES_AGGRESSIVE;
				CLANG_CXX_LANGUAGE_STANDARD = "gnu++14";
				CLANG_CXX_LIBRARY = "libc++";
				CLANG_ENABLE_MODULES = YES;
				CLANG_ENABLE_OBJC_ARC = YES;
				CLANG_ENABLE_OBJC_WEAK = YES;
				CLANG_WARN_BLOCK_CAPTURE_AUTORELEASING = YES;
				CLANG_WARN_BOOL_CONVERSION = YES;
				CLANG_WARN_COMMA = YES;
				CLANG_WARN_CONSTANT_CONVERSION = YES;
				CLANG_WARN_DEPRECATED_OBJC_IMPLEMENTATIONS = YES;
				CLANG_WARN_DIRECT_OBJC_ISA_USAGE = YES_ERROR;
				CLANG_WARN_DOCUMENTATION_COMMENTS = YES;
				CLANG_WARN_EMPTY_BODY = YES;
				CLANG_WARN_ENUM_CONVERSION = YES;
				CLANG_WARN_INFINITE_RECURSION = YES;
				CLANG_WARN_INT_CONVERSION = YES;
				CLANG_WARN_NON_LITERAL_NULL_CONVERSION = YES;
				CLANG_WARN_OBJC_IMPLICIT_RETAIN_SELF = YES;
				CLANG_WARN_OBJC_LITERAL_CONVERSION = YES;
				CLANG_WARN_OBJC_ROOT_CLASS = YES_ERROR;
				CLANG_WARN_RANGE_LOOP_ANALYSIS = YES;
				CLANG_WARN_STRICT_PROTOTYPES = YES;
				CLANG_WARN_SUSPICIOUS_MOVE = YES;
				CLANG_WARN_UNGUARDED_AVAILABILITY = YES_AGGRESSIVE;
				CLANG_WARN_UNREACHABLE_CODE = YES;
				CLANG_WARN__DUPLICATE_METHOD_MATCH = YES;
				CODE_SIGN_IDENTITY = "iPhone Developer";
				COPY_PHASE_STRIP = NO;
				DEBUG_INFORMATION_FORMAT = "dwarf-with-dsym";
				ENABLE_NS_ASSERTIONS = NO;
				ENABLE_STRICT_OBJC_MSGSEND = YES;
				GCC_C_LANGUAGE_STANDARD = gnu11;
				GCC_NO_COMMON_BLOCKS = YES;
				GCC_WARN_64_TO_32_BIT_CONVERSION = YES;
				GCC_WARN_ABOUT_RETURN_TYPE = YES_ERROR;
				GCC_WARN_UNDECLARED_SELECTOR = YES;
				GCC_WARN_UNINITIALIZED_AUTOS = YES_AGGRESSIVE;
				GCC_WARN_UNUSED_FUNCTION = YES;
				GCC_WARN_UNUSED_VARIABLE = YES;
				IPHONEOS_DEPLOYMENT_TARGET = 12.1;
				MTL_ENABLE_DEBUG_INFO = NO;
				MTL_FAST_MATH = YES;
				SDKROOT = iphoneos;
				SWIFT_COMPILATION_MODE = wholemodule;
				SWIFT_OPTIMIZATION_LEVEL = "-O";
				VALIDATE_PRODUCT = YES;
			};
			name = Release;
		};
		629F4F4822004F8000C542F7 /* Debug */ = {
			isa = XCBuildConfiguration;
			buildSettings = {
				ASSETCATALOG_COMPILER_APPICON_NAME = AppIcon;
				CODE_SIGN_STYLE = Automatic;
				INFOPLIST_FILE = Workflow/Info.plist;
				LD_RUNPATH_SEARCH_PATHS = (
					"$(inherited)",
					"@executable_path/Frameworks",
				);
				PRODUCT_BUNDLE_IDENTIFIER = utkarsh.Workflow;
				PRODUCT_NAME = "$(TARGET_NAME)";
				SWIFT_VERSION = 4.2;
				TARGETED_DEVICE_FAMILY = "1,2";
			};
			name = Debug;
		};
		629F4F4922004F8000C542F7 /* Release */ = {
			isa = XCBuildConfiguration;
			buildSettings = {
				ASSETCATALOG_COMPILER_APPICON_NAME = AppIcon;
				CODE_SIGN_STYLE = Automatic;
				INFOPLIST_FILE = Workflow/Info.plist;
				LD_RUNPATH_SEARCH_PATHS = (
					"$(inherited)",
					"@executable_path/Frameworks",
				);
				PRODUCT_BUNDLE_IDENTIFIER = utkarsh.Workflow;
				PRODUCT_NAME = "$(TARGET_NAME)";
				SWIFT_VERSION = 4.2;
				TARGETED_DEVICE_FAMILY = "1,2";
			};
			name = Release;
		};
		629F4F4B22004F8000C542F7 /* Debug */ = {
			isa = XCBuildConfiguration;
			buildSettings = {
				ALWAYS_EMBED_SWIFT_STANDARD_LIBRARIES = YES;
				BUNDLE_LOADER = "$(TEST_HOST)";
				CODE_SIGN_STYLE = Automatic;
				INFOPLIST_FILE = WorkflowTests/Info.plist;
				LD_RUNPATH_SEARCH_PATHS = (
					"$(inherited)",
					"@executable_path/Frameworks",
					"@loader_path/Frameworks",
				);
				PRODUCT_BUNDLE_IDENTIFIER = utkarsh.WorkflowTests;
				PRODUCT_NAME = "$(TARGET_NAME)";
				SWIFT_VERSION = 4.2;
				TARGETED_DEVICE_FAMILY = "1,2";
				TEST_HOST = "$(BUILT_PRODUCTS_DIR)/Workflow.app/Workflow";
			};
			name = Debug;
		};
		629F4F4C22004F8000C542F7 /* Release */ = {
			isa = XCBuildConfiguration;
			buildSettings = {
				ALWAYS_EMBED_SWIFT_STANDARD_LIBRARIES = YES;
				BUNDLE_LOADER = "$(TEST_HOST)";
				CODE_SIGN_STYLE = Automatic;
				INFOPLIST_FILE = WorkflowTests/Info.plist;
				LD_RUNPATH_SEARCH_PATHS = (
					"$(inherited)",
					"@executable_path/Frameworks",
					"@loader_path/Frameworks",
				);
				PRODUCT_BUNDLE_IDENTIFIER = utkarsh.WorkflowTests;
				PRODUCT_NAME = "$(TARGET_NAME)";
				SWIFT_VERSION = 4.2;
				TARGETED_DEVICE_FAMILY = "1,2";
				TEST_HOST = "$(BUILT_PRODUCTS_DIR)/Workflow.app/Workflow";
			};
			name = Release;
		};
		629F4F4E22004F8000C542F7 /* Debug */ = {
			isa = XCBuildConfiguration;
			buildSettings = {
				ALWAYS_EMBED_SWIFT_STANDARD_LIBRARIES = YES;
				CODE_SIGN_STYLE = Automatic;
				INFOPLIST_FILE = WorkflowUITests/Info.plist;
				LD_RUNPATH_SEARCH_PATHS = (
					"$(inherited)",
					"@executable_path/Frameworks",
					"@loader_path/Frameworks",
				);
				PRODUCT_BUNDLE_IDENTIFIER = utkarsh.WorkflowUITests;
				PRODUCT_NAME = "$(TARGET_NAME)";
				SWIFT_VERSION = 4.2;
				TARGETED_DEVICE_FAMILY = "1,2";
				TEST_TARGET_NAME = Workflow;
			};
			name = Debug;
		};
		629F4F4F22004F8000C542F7 /* Release */ = {
			isa = XCBuildConfiguration;
			buildSettings = {
				ALWAYS_EMBED_SWIFT_STANDARD_LIBRARIES = YES;
				CODE_SIGN_STYLE = Automatic;
				INFOPLIST_FILE = WorkflowUITests/Info.plist;
				LD_RUNPATH_SEARCH_PATHS = (
					"$(inherited)",
					"@executable_path/Frameworks",
					"@loader_path/Frameworks",
				);
				PRODUCT_BUNDLE_IDENTIFIER = utkarsh.WorkflowUITests;
				PRODUCT_NAME = "$(TARGET_NAME)";
				SWIFT_VERSION = 4.2;
				TARGETED_DEVICE_FAMILY = "1,2";
				TEST_TARGET_NAME = Workflow;
			};
			name = Release;
		};
/* End XCBuildConfiguration section */

/* Begin XCConfigurationList section */
		629F4F1722004F7500C542F7 /* Build configuration list for PBXProject "Workflow" */ = {
			isa = XCConfigurationList;
			buildConfigurations = (
				629F4F4522004F8000C542F7 /* Debug */,
				629F4F4622004F8000C542F7 /* Release */,
			);
			defaultConfigurationIsVisible = 0;
			defaultConfigurationName = Release;
		};
		629F4F4722004F8000C542F7 /* Build configuration list for PBXNativeTarget "Workflow" */ = {
			isa = XCConfigurationList;
			buildConfigurations = (
				629F4F4822004F8000C542F7 /* Debug */,
				629F4F4922004F8000C542F7 /* Release */,
			);
			defaultConfigurationIsVisible = 0;
			defaultConfigurationName = Release;
		};
		629F4F4A22004F8000C542F7 /* Build configuration list for PBXNativeTarget "WorkflowTests" */ = {
			isa = XCConfigurationList;
			buildConfigurations = (
				629F4F4B22004F8000C542F7 /* Debug */,
				629F4F4C22004F8000C542F7 /* Release */,
			);
			defaultConfigurationIsVisible = 0;
			defaultConfigurationName = Release;
		};
		629F4F4D22004F8000C542F7 /* Build configuration list for PBXNativeTarget "WorkflowUITests" */ = {
			isa = XCConfigurationList;
			buildConfigurations = (
				629F4F4E22004F8000C542F7 /* Debug */,
				629F4F4F22004F8000C542F7 /* Release */,
			);
			defaultConfigurationIsVisible = 0;
			defaultConfigurationName = Release;
		};
/* End XCConfigurationList section */

/* Begin XCVersionGroup section */
		629F4F2622004F7500C542F7 /* Workflow.xcdatamodeld */ = {
			isa = XCVersionGroup;
			children = (
				629F4F2722004F7500C542F7 /* Workflow.xcdatamodel */,
			);
			currentVersion = 629F4F2722004F7500C542F7 /* Workflow.xcdatamodel */;
			path = Workflow.xcdatamodeld;
			sourceTree = "<group>";
			versionGroupType = wrapper.xcdatamodel;
		};
/* End XCVersionGroup section */
	};
	rootObject = 629F4F1422004F7500C542F7 /* Project object */;
}
